
Microsoft Visual Studio Solution File, Format Version 12.00
# Visual Studio Version 17
VisualStudioVersion = 17.5.33627.172
MinimumVisualStudioVersion = 10.0.40219.1
Project("{FAE04EC0-301F-11D3-BF4B-00C04F79EFBC}") = "PoseLogger", "PoseLogger.csproj", "{7563B7CA-EBE1-428E-8669-99F62CBF56AB}"
EndProject
Global
	GlobalSection(SolutionConfigurationPlatforms) = preSolution
		Debug|Any CPU = Debug|Any CPU
		Release|Any CPU = Release|Any CPU
	EndGlobalSection
	GlobalSection(ProjectConfigurationPlatforms) = postSolution
		{7563B7CA-EBE1-428E-8669-99F62CBF56AB}.Debug|Any CPU.ActiveCfg = Debug|Any CPU
		{7563B7CA-EBE1-428E-8669-99F62CBF56AB}.Debug|Any CPU.Build.0 = Debug|Any CPU
		{7563B7CA-EBE1-428E-8669-99F62CBF56AB}.Release|Any CPU.ActiveCfg = Release|Any CPU
		{7563B7CA-EBE1-428E-8669-99F62CBF56AB}.Release|Any CPU.Build.0 = Release|Any CPU
	EndGlobalSection
	GlobalSection(SolutionProperties) = preSolution
		HideSolutionNode = FALSE
	EndGlobalSection
	GlobalSection(ExtensibilityGlobals) = postSolution
		SolutionGuid = {C5DF5595-99F9-49C5-A8F6-756281328210}
	EndGlobalSection
EndGlobal
